
Microsoft Visual Studio Solution File, Format Version 12.00
# Visual Studio Version 16
VisualStudioVersion = 16.0.32802.440
MinimumVisualStudioVersion = 10.0.40219.1
Project("{FAE04EC0-301F-11D3-BF4B-00C04F79EFBC}") = "ARMSWinClient", "ARMSWinClient\ARMSWinClient.csproj", "{CE3C13B6-F04F-4C2E-99DE-A38C96421658}"
EndProject
Project("{FAE04EC0-301F-11D3-BF4B-00C04F79EFBC}") = "ARMSBOLayer", "ARMSBOLayer\ARMSBOLayer.csproj", "{27CD63CA-7F04-43A2-B296-D2880F385193}"
EndProject
Project("{FAE04EC0-301F-11D3-BF4B-00C04F79EFBC}") = "ARMSDALayer", "ARMSDALayer\ARMSDALayer.csproj", "{ACD76117-4B70-4C05-8D4A-92FDD5297A4D}"
EndProject
Global
	GlobalSection(SolutionConfigurationPlatforms) = preSolution
		Debug|Any CPU = Debug|Any CPU
		Release|Any CPU = Release|Any CPU
	EndGlobalSection
	GlobalSection(ProjectConfigurationPlatforms) = postSolution
		{CE3C13B6-F04F-4C2E-99DE-A38C96421658}.Debug|Any CPU.ActiveCfg = Debug|Any CPU
		{CE3C13B6-F04F-4C2E-99DE-A38C96421658}.Debug|Any CPU.Build.0 = Debug|Any CPU
		{CE3C13B6-F04F-4C2E-99DE-A38C96421658}.Release|Any CPU.ActiveCfg = Release|Any CPU
		{CE3C13B6-F04F-4C2E-99DE-A38C96421658}.Release|Any CPU.Build.0 = Release|Any CPU
		{27CD63CA-7F04-43A2-B296-D2880F385193}.Debug|Any CPU.ActiveCfg = Debug|Any CPU
		{27CD63CA-7F04-43A2-B296-D2880F385193}.Debug|Any CPU.Build.0 = Debug|Any CPU
		{27CD63CA-7F04-43A2-B296-D2880F385193}.Release|Any CPU.ActiveCfg = Release|Any CPU
		{27CD63CA-7F04-43A2-B296-D2880F385193}.Release|Any CPU.Build.0 = Release|Any CPU
		{ACD76117-4B70-4C05-8D4A-92FDD5297A4D}.Debug|Any CPU.ActiveCfg = Debug|Any CPU
		{ACD76117-4B70-4C05-8D4A-92FDD5297A4D}.Debug|Any CPU.Build.0 = Debug|Any CPU
		{ACD76117-4B70-4C05-8D4A-92FDD5297A4D}.Release|Any CPU.ActiveCfg = Release|Any CPU
		{ACD76117-4B70-4C05-8D4A-92FDD5297A4D}.Release|Any CPU.Build.0 = Release|Any CPU
	EndGlobalSection
	GlobalSection(SolutionProperties) = preSolution
		HideSolutionNode = FALSE
	EndGlobalSection
	GlobalSection(ExtensibilityGlobals) = postSolution
		SolutionGuid = {869B33CB-6EAC-427B-9CB1-70E77BF2D8CB}
	EndGlobalSection
EndGlobal
